
Microsoft Visual Studio Solution File, Format Version 12.00
# Visual Studio 2013
VisualStudioVersion = 12.0.30723.0
MinimumVisualStudioVersion = 10.0.40219.1
Project("{FAE04EC0-301F-11D3-BF4B-00C04F79EFBC}") = "Bandit.Tests", "Bandit.Tests\Bandit.Tests.csproj", "{E1E58AA9-465C-492F-936A-7FC30265C730}"
EndProject
Project("{2150E333-8FDC-42A3-9474-1A3956D46DE8}") = "Solution Items", "Solution Items", "{416C250C-6086-4D85-98C9-DC5013B73FE6}"
	ProjectSection(SolutionItems) = preProject
		.nuspec = .nuspec
		appveyor.yml = appveyor.yml
		icon.png = icon.png
		Local.testsettings = Local.testsettings
		pack.bat = pack.bat
		README.md = README.md
	EndProjectSection
EndProject
Project("{FAE04EC0-301F-11D3-BF4B-00C04F79EFBC}") = "Bandit", "Bandit\Bandit.csproj", "{31C1FDC1-B74E-49B8-B4B8-136E3BA9A5F9}"
EndProject
Project("{2150E333-8FDC-42A3-9474-1A3956D46DE8}") = ".nuget", ".nuget", "{83A3512C-10B3-4ABD-9C69-5AC80D829F06}"
	ProjectSection(SolutionItems) = preProject
		.nuget\NuGet.Config = .nuget\NuGet.Config
		.nuget\NuGet.exe = .nuget\NuGet.exe
		.nuget\NuGet.targets = .nuget\NuGet.targets
	EndProjectSection
EndProject
Project("{FAE04EC0-301F-11D3-BF4B-00C04F79EFBC}") = "Bandit.Demo", "Bandit.Demo\Bandit.Demo.csproj", "{09BC6BDF-7A5B-453D-80A3-72690EC9785C}"
EndProject
Global
	GlobalSection(SolutionConfigurationPlatforms) = preSolution
		Debug|Any CPU = Debug|Any CPU
		Release|Any CPU = Release|Any CPU
	EndGlobalSection
	GlobalSection(ProjectConfigurationPlatforms) = postSolution
		{E1E58AA9-465C-492F-936A-7FC30265C730}.Debug|Any CPU.ActiveCfg = Debug|Any CPU
		{E1E58AA9-465C-492F-936A-7FC30265C730}.Debug|Any CPU.Build.0 = Debug|Any CPU
		{E1E58AA9-465C-492F-936A-7FC30265C730}.Release|Any CPU.ActiveCfg = Release|Any CPU
		{E1E58AA9-465C-492F-936A-7FC30265C730}.Release|Any CPU.Build.0 = Release|Any CPU
		{31C1FDC1-B74E-49B8-B4B8-136E3BA9A5F9}.Debug|Any CPU.ActiveCfg = Debug|Any CPU
		{31C1FDC1-B74E-49B8-B4B8-136E3BA9A5F9}.Debug|Any CPU.Build.0 = Debug|Any CPU
		{31C1FDC1-B74E-49B8-B4B8-136E3BA9A5F9}.Release|Any CPU.ActiveCfg = Release|Any CPU
		{31C1FDC1-B74E-49B8-B4B8-136E3BA9A5F9}.Release|Any CPU.Build.0 = Release|Any CPU
		{09BC6BDF-7A5B-453D-80A3-72690EC9785C}.Debug|Any CPU.ActiveCfg = Debug|Any CPU
		{09BC6BDF-7A5B-453D-80A3-72690EC9785C}.Debug|Any CPU.Build.0 = Debug|Any CPU
		{09BC6BDF-7A5B-453D-80A3-72690EC9785C}.Release|Any CPU.ActiveCfg = Release|Any CPU
		{09BC6BDF-7A5B-453D-80A3-72690EC9785C}.Release|Any CPU.Build.0 = Release|Any CPU
	EndGlobalSection
	GlobalSection(SolutionProperties) = preSolution
		HideSolutionNode = FALSE
	EndGlobalSection
EndGlobal
